
Microsoft Visual Studio Solution File, Format Version 12.00
# Visual Studio Version 16
VisualStudioVersion = 16.0.31702.278
MinimumVisualStudioVersion = 10.0.40219.1
Project("{FAE04EC0-301F-11D3-BF4B-00C04F79EFBC}") = "KeyRemap", "KeyRemap\KeyRemap.csproj", "{E4546394-A807-40C0-B8D5-32CEAF75481F}"
EndProject
Global
	GlobalSection(SolutionConfigurationPlatforms) = preSolution
		Debug|Any CPU = Debug|Any CPU
		Release|Any CPU = Release|Any CPU
	EndGlobalSection
	GlobalSection(ProjectConfigurationPlatforms) = postSolution
		{E4546394-A807-40C0-B8D5-32CEAF75481F}.Debug|Any CPU.ActiveCfg = Debug|Any CPU
		{E4546394-A807-40C0-B8D5-32CEAF75481F}.Debug|Any CPU.Build.0 = Debug|Any CPU
		{E4546394-A807-40C0-B8D5-32CEAF75481F}.Release|Any CPU.ActiveCfg = Release|Any CPU
		{E4546394-A807-40C0-B8D5-32CEAF75481F}.Release|Any CPU.Build.0 = Release|Any CPU
	EndGlobalSection
	GlobalSection(SolutionProperties) = preSolution
		HideSolutionNode = FALSE
	EndGlobalSection
	GlobalSection(ExtensibilityGlobals) = postSolution
		SolutionGuid = {858B30C5-42D2-4827-BB96-8FA48DE7ECC5}
	EndGlobalSection
EndGlobal
